
Microsoft Visual Studio Solution File, Format Version 12.00
# Visual Studio Version 17
VisualStudioVersion = 17.14.36310.24 d17.14
MinimumVisualStudioVersion = 10.0.40219.1
Project("{FAE04EC0-301F-11D3-BF4B-00C04F79EFBC}") = "Hospital Triage System", "Hospital Triage System.csproj", "{CC4ED028-5828-4489-AD35-4D5E15ABBC09}"
EndProject
Global
	GlobalSection(SolutionConfigurationPlatforms) = preSolution
		Debug|Any CPU = Debug|Any CPU
		Release|Any CPU = Release|Any CPU
	EndGlobalSection
	GlobalSection(ProjectConfigurationPlatforms) = postSolution
		{CC4ED028-5828-4489-AD35-4D5E15ABBC09}.Debug|Any CPU.ActiveCfg = Debug|Any CPU
		{CC4ED028-5828-4489-AD35-4D5E15ABBC09}.Debug|Any CPU.Build.0 = Debug|Any CPU
		{CC4ED028-5828-4489-AD35-4D5E15ABBC09}.Release|Any CPU.ActiveCfg = Release|Any CPU
		{CC4ED028-5828-4489-AD35-4D5E15ABBC09}.Release|Any CPU.Build.0 = Release|Any CPU
	EndGlobalSection
	GlobalSection(SolutionProperties) = preSolution
		HideSolutionNode = FALSE
	EndGlobalSection
	GlobalSection(ExtensibilityGlobals) = postSolution
		SolutionGuid = {26E17B07-B53E-432C-A489-1C386C07AD45}
	EndGlobalSection
EndGlobal
